
Microsoft Visual Studio Solution File, Format Version 12.00
# Visual Studio 15
VisualStudioVersion = 15.0.27004.2008
MinimumVisualStudioVersion = 10.0.40219.1
Project("{FAE04EC0-301F-11D3-BF4B-00C04F79EFBC}") = "TestConsole", "TestConsole\TestConsole.csproj", "{0C0DC0C6-6967-4DED-A0C5-EB59DAABA634}"
EndProject
Project("{FAE04EC0-301F-11D3-BF4B-00C04F79EFBC}") = "TinyWorkers", "TinyWorkers\TinyWorkers.csproj", "{34EE0CE8-CE9E-40BE-85CA-01F35303167E}"
EndProject
Global
	GlobalSection(SolutionConfigurationPlatforms) = preSolution
		Debug|Any CPU = Debug|Any CPU
		Release|Any CPU = Release|Any CPU
	EndGlobalSection
	GlobalSection(ProjectConfigurationPlatforms) = postSolution
		{0C0DC0C6-6967-4DED-A0C5-EB59DAABA634}.Debug|Any CPU.ActiveCfg = Debug|Any CPU
		{0C0DC0C6-6967-4DED-A0C5-EB59DAABA634}.Debug|Any CPU.Build.0 = Debug|Any CPU
		{0C0DC0C6-6967-4DED-A0C5-EB59DAABA634}.Release|Any CPU.ActiveCfg = Release|Any CPU
		{0C0DC0C6-6967-4DED-A0C5-EB59DAABA634}.Release|Any CPU.Build.0 = Release|Any CPU
		{34EE0CE8-CE9E-40BE-85CA-01F35303167E}.Debug|Any CPU.ActiveCfg = Debug|Any CPU
		{34EE0CE8-CE9E-40BE-85CA-01F35303167E}.Debug|Any CPU.Build.0 = Debug|Any CPU
		{34EE0CE8-CE9E-40BE-85CA-01F35303167E}.Release|Any CPU.ActiveCfg = Release|Any CPU
		{34EE0CE8-CE9E-40BE-85CA-01F35303167E}.Release|Any CPU.Build.0 = Release|Any CPU
	EndGlobalSection
	GlobalSection(SolutionProperties) = preSolution
		HideSolutionNode = FALSE
	EndGlobalSection
	GlobalSection(ExtensibilityGlobals) = postSolution
		SolutionGuid = {C3CEC91F-DCD9-40A1-A86B-AD9A78F2C9DF}
	EndGlobalSection
EndGlobal
